
Microsoft Visual Studio Solution File, Format Version 12.00
# Visual Studio Version 17
VisualStudioVersion = 17.8.34525.116
MinimumVisualStudioVersion = 10.0.40219.1
Project("{FAE04EC0-301F-11D3-BF4B-00C04F79EFBC}") = "RFIDProjet", "RFIDProjet\RFIDProjet.csproj", "{10568497-81EB-4A7E-A92B-ED67B2FCC0CC}"
EndProject
Global
	GlobalSection(SolutionConfigurationPlatforms) = preSolution
		Debug|Any CPU = Debug|Any CPU
		Release|Any CPU = Release|Any CPU
	EndGlobalSection
	GlobalSection(ProjectConfigurationPlatforms) = postSolution
		{10568497-81EB-4A7E-A92B-ED67B2FCC0CC}.Debug|Any CPU.ActiveCfg = Debug|Any CPU
		{10568497-81EB-4A7E-A92B-ED67B2FCC0CC}.Debug|Any CPU.Build.0 = Debug|Any CPU
		{10568497-81EB-4A7E-A92B-ED67B2FCC0CC}.Release|Any CPU.ActiveCfg = Release|Any CPU
		{10568497-81EB-4A7E-A92B-ED67B2FCC0CC}.Release|Any CPU.Build.0 = Release|Any CPU
	EndGlobalSection
	GlobalSection(SolutionProperties) = preSolution
		HideSolutionNode = FALSE
	EndGlobalSection
	GlobalSection(ExtensibilityGlobals) = postSolution
		SolutionGuid = {91E83779-00DD-45CD-9E97-F520D370EF9B}
	EndGlobalSection
EndGlobal
